
Microsoft Visual Studio Solution File, Format Version 12.00
# Visual Studio Version 17
VisualStudioVersion = 17.13.35617.110 d17.13
MinimumVisualStudioVersion = 10.0.40219.1
Project("{2150E333-8FDC-42A3-9474-1A3956D46DE8}") = "src", "src", "{40D887DE-CAB8-452F-90FE-BB3CF2B2613C}"
EndProject
Project("{FAE04EC0-301F-11D3-BF4B-00C04F79EFBC}") = "ChatBox", "src\ChatBox\ChatBox.csproj", "{EDBAEC5E-824E-4573-B4C1-4A25BF5155D9}"
EndProject
Project("{FAE04EC0-301F-11D3-BF4B-00C04F79EFBC}") = "ChatBox.Desktop", "src\ChatBox.Desktop\ChatBox.Desktop.csproj", "{E3C3A910-20A2-481E-841E-6701EFA50697}"
EndProject
Project("{FAE04EC0-301F-11D3-BF4B-00C04F79EFBC}") = "ChatBox.Browser", "src\ChatBox.Browser\ChatBox.Browser.csproj", "{908453E7-9DAC-42C1-8B41-5199ECB5E785}"
EndProject
Project("{FAE04EC0-301F-11D3-BF4B-00C04F79EFBC}") = "ChatBox.Logger", "src\ChatBox.Logger\ChatBox.Logger.csproj", "{14CDEB6A-DB37-4A22-B0AC-B5117EF57DDB}"
EndProject
Project("{FAE04EC0-301F-11D3-BF4B-00C04F79EFBC}") = "ChatBox.Desktop.Macos", "src\ChatBox.Desktop.Macos\ChatBox.Desktop.Macos.csproj", "{39B84C7C-FAB8-4066-B5C4-AFB7FD81031C}"
EndProject
Global
	GlobalSection(SolutionConfigurationPlatforms) = preSolution
		Debug|Any CPU = Debug|Any CPU
		Release|Any CPU = Release|Any CPU
	EndGlobalSection
	GlobalSection(ProjectConfigurationPlatforms) = postSolution
		{EDBAEC5E-824E-4573-B4C1-4A25BF5155D9}.Debug|Any CPU.ActiveCfg = Debug|Any CPU
		{EDBAEC5E-824E-4573-B4C1-4A25BF5155D9}.Debug|Any CPU.Build.0 = Debug|Any CPU
		{EDBAEC5E-824E-4573-B4C1-4A25BF5155D9}.Release|Any CPU.ActiveCfg = Release|Any CPU
		{EDBAEC5E-824E-4573-B4C1-4A25BF5155D9}.Release|Any CPU.Build.0 = Release|Any CPU
		{E3C3A910-20A2-481E-841E-6701EFA50697}.Debug|Any CPU.ActiveCfg = Debug|Any CPU
		{E3C3A910-20A2-481E-841E-6701EFA50697}.Debug|Any CPU.Build.0 = Debug|Any CPU
		{E3C3A910-20A2-481E-841E-6701EFA50697}.Release|Any CPU.ActiveCfg = Release|Any CPU
		{E3C3A910-20A2-481E-841E-6701EFA50697}.Release|Any CPU.Build.0 = Release|Any CPU
		{908453E7-9DAC-42C1-8B41-5199ECB5E785}.Debug|Any CPU.ActiveCfg = Debug|Any CPU
		{908453E7-9DAC-42C1-8B41-5199ECB5E785}.Debug|Any CPU.Build.0 = Debug|Any CPU
		{908453E7-9DAC-42C1-8B41-5199ECB5E785}.Release|Any CPU.ActiveCfg = Release|Any CPU
		{908453E7-9DAC-42C1-8B41-5199ECB5E785}.Release|Any CPU.Build.0 = Release|Any CPU
		{14CDEB6A-DB37-4A22-B0AC-B5117EF57DDB}.Debug|Any CPU.ActiveCfg = Debug|Any CPU
		{14CDEB6A-DB37-4A22-B0AC-B5117EF57DDB}.Debug|Any CPU.Build.0 = Debug|Any CPU
		{14CDEB6A-DB37-4A22-B0AC-B5117EF57DDB}.Release|Any CPU.ActiveCfg = Release|Any CPU
		{14CDEB6A-DB37-4A22-B0AC-B5117EF57DDB}.Release|Any CPU.Build.0 = Release|Any CPU
		{39B84C7C-FAB8-4066-B5C4-AFB7FD81031C}.Debug|Any CPU.ActiveCfg = Debug|Any CPU
		{39B84C7C-FAB8-4066-B5C4-AFB7FD81031C}.Debug|Any CPU.Build.0 = Debug|Any CPU
		{39B84C7C-FAB8-4066-B5C4-AFB7FD81031C}.Release|Any CPU.ActiveCfg = Release|Any CPU
		{39B84C7C-FAB8-4066-B5C4-AFB7FD81031C}.Release|Any CPU.Build.0 = Release|Any CPU
	EndGlobalSection
	GlobalSection(SolutionProperties) = preSolution
		HideSolutionNode = FALSE
	EndGlobalSection
	GlobalSection(NestedProjects) = preSolution
		{EDBAEC5E-824E-4573-B4C1-4A25BF5155D9} = {40D887DE-CAB8-452F-90FE-BB3CF2B2613C}
		{E3C3A910-20A2-481E-841E-6701EFA50697} = {40D887DE-CAB8-452F-90FE-BB3CF2B2613C}
		{908453E7-9DAC-42C1-8B41-5199ECB5E785} = {40D887DE-CAB8-452F-90FE-BB3CF2B2613C}
		{14CDEB6A-DB37-4A22-B0AC-B5117EF57DDB} = {40D887DE-CAB8-452F-90FE-BB3CF2B2613C}
		{39B84C7C-FAB8-4066-B5C4-AFB7FD81031C} = {40D887DE-CAB8-452F-90FE-BB3CF2B2613C}
	EndGlobalSection
	GlobalSection(ExtensibilityGlobals) = postSolution
		SolutionGuid = {9A2982A7-F084-41A2-ACD5-4C6DDA6F03C4}
	EndGlobalSection
EndGlobal
